{
    "version": 3,
    "terraform_version": "0.7.10",
    "serial": 0,
    "lineage": "f1a0778e-1206-4ffb-a7e1-cf0f76016a7c",
    "modules": [
        {
            "path": [
                "root"
            ],
            "outputs": {
                "instances": {
                    "sensitive": false,
                    "type": "list",
                    "value": [
                        "i-2zecejialx1rx513qcyv",
                        "i-2zedgb871dbnpc5x3w9n"
                    ]
                },
                "slb_id": {
                    "sensitive": false,
                    "type": "string",
                    "value": "lb-2zej6n9gqjc808i2akcp6"
                },
                "slbname": {
                    "sensitive": false,
                    "type": "string",
                    "value": "slb_worder"
                }
            },
            "resources": {
                "alicloud_slb.instance": {
                    "type": "alicloud_slb",
                    "depends_on": [],
                    "primary": {
                        "id": "lb-2zej6n9gqjc808i2akcp6",
                        "attributes": {
                            "bandwidth": "-1",
                            "id": "lb-2zej6n9gqjc808i2akcp6",
                            "instances.#": "2",
                            "instances.3090236022": "i-2zecejialx1rx513qcyv",
                            "instances.863712353": "i-2zedgb871dbnpc5x3w9n",
                            "internet": "true",
                            "internet_charge_type": "paybytraffic",
                            "listener.#": "1",
                            "listener.68782529.bandwidth": "5",
                            "listener.68782529.instance_port": "2380",
                            "listener.68782529.instance_protocol": "tcp",
                            "listener.68782529.lb_port": "3376",
                            "listener.68782529.lb_protocol": "tcp",
                            "listener.68782529.ssl_certificate_id": "",
                            "name": "slb_worder",
                            "vswitch_id": ""
                        },
                        "meta": {},
                        "tainted": false
                    },
                    "deposed": [],
                    "provider": ""
                }
            },
            "depends_on": []
        }
    ]
}
