{
    "version": 3,
    "terraform_version": "0.7.10",
    "serial": 2,
    "lineage": "a78a3137-64a1-4b21-868f-113644af6edc",
    "modules": [
        {
            "path": [
                "root"
            ],
            "outputs": {},
            "resources": {},
            "depends_on": []
        },
        {
            "path": [
                "root",
                "control-nodes"
            ],
            "outputs": {},
            "resources": {},
            "depends_on": []
        },
        {
            "path": [
                "root",
                "edge-nodes"
            ],
            "outputs": {},
            "resources": {},
            "depends_on": []
        },
        {
            "path": [
                "root",
                "security-groups"
            ],
            "outputs": {
                "control_security_group": {
                    "sensitive": false,
                    "type": "string",
                    "value": "sg-2ze9ebwzjdxttgbnyo6j"
                },
                "worker_security_group": {
                    "sensitive": false,
                    "type": "string",
                    "value": "sg-2ze7chhkxmk4beeah7no"
                }
            },
            "resources": {
                "alicloud_security_group.worker": {
                    "type": "alicloud_security_group",
                    "depends_on": [],
                    "primary": {
                        "id": "sg-2ze7chhkxmk4beeah7no",
                        "attributes": {
                            "description": "Allow inboud traffic for worker nodes",
                            "id": "sg-2ze7chhkxmk4beeah7no",
                            "name": "hi-worker",
                            "vpc_id": "vpc-2zewbuhctffe0ufzoho9r"
                        },
                        "meta": {},
                        "tainted": false
                    },
                    "deposed": [],
                    "provider": ""
                }
            },
            "depends_on": []
        },
        {
            "path": [
                "root",
                "vpc"
            ],
            "outputs": {
                "availability_zones": {
                    "sensitive": false,
                    "type": "string",
                    "value": "cn-beijing-c"
                },
                "vpc_id": {
                    "sensitive": false,
                    "type": "string",
                    "value": "vpc-2zewbuhctffe0ufzoho9r"
                },
                "vswitch_ids": {
                    "sensitive": false,
                    "type": "string",
                    "value": "vsw-2ze4jvult0dmm4hgbppnm"
                }
            },
            "resources": {
                "alicloud_subnet.main": {
                    "type": "alicloud_subnet",
                    "depends_on": [
                        "alicloud_vpc.main",
                        "alicloud_vpc.main"
                    ],
                    "primary": {
                        "id": "vsw-2ze4jvult0dmm4hgbppnm",
                        "attributes": {
                            "availability_zone": "cn-beijing-c",
                            "cidr_block": "10.1.1.0/24",
                            "description": "",
                            "id": "vsw-2ze4jvult0dmm4hgbppnm",
                            "name": "",
                            "vpc_id": "vpc-2zewbuhctffe0ufzoho9r"
                        },
                        "meta": {},
                        "tainted": false
                    },
                    "deposed": [],
                    "provider": ""
                },
                "alicloud_vpc.main": {
                    "type": "alicloud_vpc",
                    "depends_on": [],
                    "primary": {
                        "id": "vpc-2zewbuhctffe0ufzoho9r",
                        "attributes": {
                            "cidr_block": "10.1.0.0/21",
                            "description": "",
                            "id": "vpc-2zewbuhctffe0ufzoho9r",
                            "name": "alicloud",
                            "router_id": "vrt-2ze1boi803xtytujj7fhc"
                        },
                        "meta": {},
                        "tainted": false
                    },
                    "deposed": [],
                    "provider": ""
                }
            },
            "depends_on": []
        },
        {
            "path": [
                "root",
                "worker-nodes"
            ],
            "outputs": {},
            "resources": {},
            "depends_on": []
        }
    ]
}
